# This file is @generated by PDM.
# It is not intended for manual editing.

[metadata]
groups = ["default"]
strategy = ["inherit_metadata"]
lock_version = "4.5.0"
content_hash = "sha256:e4a6e44d21cd2f0b0ed9c6edd09abf719e8296efcd2df8c87980912d089ec4b9"

[[metadata.targets]]
requires_python = ">=3.10"

[[package]]
name = "pysource-codegen"
version = "0.6.0"
requires_python = ">=3.8"
summary = "generate random python code to test linter/formatter/and other tools"
groups = ["default"]
dependencies = [
    "astunparse>=1.6.3; python_version < \"3.9\"",
    "typing-extensions>=4.7.1",
]
files = [
    {file = "pysource_codegen-0.6.0-py3-none-any.whl", hash = "sha256:858f2bbed6de7a7b7e9bbea5cb8212ec7e66fa7f2a7ba433fe05f72438017b30"},
    {file = "pysource_codegen-0.6.0.tar.gz", hash = "sha256:0337e3cf3639f017567ab298684c78eb15c877b093965259c725a13a4917be4e"},
]

[[package]]
name = "typing-extensions"
version = "4.12.2"
requires_python = ">=3.8"
summary = "Backported and Experimental Type Hints for Python 3.8+"
groups = ["default"]
files = [
    {file = "typing_extensions-4.12.2-py3-none-any.whl", hash = "sha256:04e5ca0351e0f3f85c6853954072df659d0d13fac324d0072316b67d7794700d"},
    {file = "typing_extensions-4.12.2.tar.gz", hash = "sha256:1a7ead55c7e559dd4dee8856e3a88b41225abfe1ce8df57b7c13915fe121ffb8"},
]
